
Microsoft Visual Studio Solution File, Format Version 12.00
# Visual Studio 15
VisualStudioVersion = 15.0.27703.2035
MinimumVisualStudioVersion = 10.0.40219.1
Project("{FAE04EC0-301F-11D3-BF4B-00C04F79EFBC}") = "MacroLauncher", "MacroLauncher\MacroLauncher.csproj", "{597764C6-7449-4F76-97DC-D772E2D2BEB5}"
EndProject
Global
	GlobalSection(SolutionConfigurationPlatforms) = preSolution
		Debug|Any CPU = Debug|Any CPU
		Release|Any CPU = Release|Any CPU
	EndGlobalSection
	GlobalSection(ProjectConfigurationPlatforms) = postSolution
		{597764C6-7449-4F76-97DC-D772E2D2BEB5}.Debug|Any CPU.ActiveCfg = Debug|Any CPU
		{597764C6-7449-4F76-97DC-D772E2D2BEB5}.Debug|Any CPU.Build.0 = Debug|Any CPU
		{597764C6-7449-4F76-97DC-D772E2D2BEB5}.Release|Any CPU.ActiveCfg = Release|Any CPU
		{597764C6-7449-4F76-97DC-D772E2D2BEB5}.Release|Any CPU.Build.0 = Release|Any CPU
	EndGlobalSection
	GlobalSection(SolutionProperties) = preSolution
		HideSolutionNode = FALSE
	EndGlobalSection
	GlobalSection(ExtensibilityGlobals) = postSolution
		SolutionGuid = {436511B9-1E58-45D9-8C87-32F9E8DC4347}
	EndGlobalSection
EndGlobal
